
Microsoft Visual Studio Solution File, Format Version 12.00
# Visual Studio Version 16
VisualStudioVersion = 16.0.31613.86
MinimumVisualStudioVersion = 10.0.40219.1
Project("{8BC9CEB8-8B4A-11D0-8D11-00A0C91BC942}") = "S120-Matos-Item-Class-App", "S120-Matos-Item-Class-App\S120-Matos-Item-Class-App.vcxproj", "{7621864F-A576-40BB-9878-CCA9205D1DF6}"
EndProject
Global
	GlobalSection(SolutionConfigurationPlatforms) = preSolution
		Debug|x64 = Debug|x64
		Debug|x86 = Debug|x86
		Release|x64 = Release|x64
		Release|x86 = Release|x86
	EndGlobalSection
	GlobalSection(ProjectConfigurationPlatforms) = postSolution
		{7621864F-A576-40BB-9878-CCA9205D1DF6}.Debug|x64.ActiveCfg = Debug|x64
		{7621864F-A576-40BB-9878-CCA9205D1DF6}.Debug|x64.Build.0 = Debug|x64
		{7621864F-A576-40BB-9878-CCA9205D1DF6}.Debug|x86.ActiveCfg = Debug|Win32
		{7621864F-A576-40BB-9878-CCA9205D1DF6}.Debug|x86.Build.0 = Debug|Win32
		{7621864F-A576-40BB-9878-CCA9205D1DF6}.Release|x64.ActiveCfg = Release|x64
		{7621864F-A576-40BB-9878-CCA9205D1DF6}.Release|x64.Build.0 = Release|x64
		{7621864F-A576-40BB-9878-CCA9205D1DF6}.Release|x86.ActiveCfg = Release|Win32
		{7621864F-A576-40BB-9878-CCA9205D1DF6}.Release|x86.Build.0 = Release|Win32
	EndGlobalSection
	GlobalSection(SolutionProperties) = preSolution
		HideSolutionNode = FALSE
	EndGlobalSection
	GlobalSection(ExtensibilityGlobals) = postSolution
		SolutionGuid = {9895BBAC-8CF0-43F3-9D1E-F98920E25632}
	EndGlobalSection
EndGlobal
